// !$*UTF8*$!
{
	archiveVersion = 1;
	classes = {
	};
	objectVersion = 46;
	objects = {

/* Begin PBXBuildFile section */
		145647B619D959FF0052F289 /* AdSupport.framework in Frameworks */ = {isa = PBXBuildFile; fileRef = 145647B519D959FF0052F289 /* AdSupport.framework */; };
		145647B819D95A060052F289 /* iAd.framework in Frameworks */ = {isa = PBXBuildFile; fileRef = 145647B719D95A060052F289 /* iAd.framework */; };
		14947F9819D958F800A668E9 /* AppDelegate.swift in Sources */ = {isa = PBXBuildFile; fileRef = 14947F9719D958F800A668E9 /* AppDelegate.swift */; };
		14947F9A19D958F800A668E9 /* ViewController.swift in Sources */ = {isa = PBXBuildFile; fileRef = 14947F9919D958F800A668E9 /* ViewController.swift */; };
		14947F9D19D958F800A668E9 /* Main.storyboard in Resources */ = {isa = PBXBuildFile; fileRef = 14947F9B19D958F800A668E9 /* Main.storyboard */; };
		14947F9F19D958F800A668E9 /* Images.xcassets in Resources */ = {isa = PBXBuildFile; fileRef = 14947F9E19D958F800A668E9 /* Images.xcassets */; };
		14947FA219D958F800A668E9 /* LaunchScreen.xib in Resources */ = {isa = PBXBuildFile; fileRef = 14947FA019D958F800A668E9 /* LaunchScreen.xib */; };
		14947FAE19D958F900A668E9 /* iAdBannerExampleTests.swift in Sources */ = {isa = PBXBuildFile; fileRef = 14947FAD19D958F900A668E9 /* iAdBannerExampleTests.swift */; };
/* End PBXBuildFile section */

/* Begin PBXContainerItemProxy section */
		14947FA819D958F900A668E9 /* PBXContainerItemProxy */ = {
			isa = PBXContainerItemProxy;
			containerPortal = 14947F8A19D958F800A668E9 /* Project object */;
			proxyType = 1;
			remoteGlobalIDString = 14947F9119D958F800A668E9;
			remoteInfo = iAdBannerExample;
		};
/* End PBXContainerItemProxy section */

/* Begin PBXFileReference section */
		145647B519D959FF0052F289 /* AdSupport.framework */ = {isa = PBXFileReference; lastKnownFileType = wrapper.framework; name = AdSupport.framework; path = System/Library/Frameworks/AdSupport.framework; sourceTree = SDKROOT; };
		145647B719D95A060052F289 /* iAd.framework */ = {isa = PBXFileReference; lastKnownFileType = wrapper.framework; name = iAd.framework; path = System/Library/Frameworks/iAd.framework; sourceTree = SDKROOT; };
		14947F9219D958F800A668E9 /* iAdBannerExample.app */ = {isa = PBXFileReference; explicitFileType = wrapper.application; includeInIndex = 0; path = iAdBannerExample.app; sourceTree = BUILT_PRODUCTS_DIR; };
		14947F9619D958F800A668E9 /* Info.plist */ = {isa = PBXFileReference; lastKnownFileType = text.plist.xml; path = Info.plist; sourceTree = "<group>"; };
		14947F9719D958F800A668E9 /* AppDelegate.swift */ = {isa = PBXFileReference; lastKnownFileType = sourcecode.swift; path = AppDelegate.swift; sourceTree = "<group>"; };
		14947F9919D958F800A668E9 /* ViewController.swift */ = {isa = PBXFileReference; lastKnownFileType = sourcecode.swift; path = ViewController.swift; sourceTree = "<group>"; };
		14947F9C19D958F800A668E9 /* Base */ = {isa = PBXFileReference; lastKnownFileType = file.storyboard; name = Base; path = Base.lproj/Main.storyboard; sourceTree = "<group>"; };
		14947F9E19D958F800A668E9 /* Images.xcassets */ = {isa = PBXFileReference; lastKnownFileType = folder.assetcatalog; path = Images.xcassets; sourceTree = "<group>"; };
		14947FA119D958F800A668E9 /* Base */ = {isa = PBXFileReference; lastKnownFileType = file.xib; name = Base; path = Base.lproj/LaunchScreen.xib; sourceTree = "<group>"; };
		14947FA719D958F900A668E9 /* iAdBannerExampleTests.xctest */ = {isa = PBXFileReference; explicitFileType = wrapper.cfbundle; includeInIndex = 0; path = iAdBannerExampleTests.xctest; sourceTree = BUILT_PRODUCTS_DIR; };
		14947FAC19D958F900A668E9 /* Info.plist */ = {isa = PBXFileReference; lastKnownFileType = text.plist.xml; path = Info.plist; sourceTree = "<group>"; };
		14947FAD19D958F900A668E9 /* iAdBannerExampleTests.swift */ = {isa = PBXFileReference; lastKnownFileType = sourcecode.swift; path = iAdBannerExampleTests.swift; sourceTree = "<group>"; };
/* End PBXFileReference section */

/* Begin PBXFrameworksBuildPhase section */
		14947F8F19D958F800A668E9 /* Frameworks */ = {
			isa = PBXFrameworksBuildPhase;
			buildActionMask = 2147483647;
			files = (
				145647B819D95A060052F289 /* iAd.framework in Frameworks */,
				145647B619D959FF0052F289 /* AdSupport.framework in Frameworks */,
			);
			runOnlyForDeploymentPostprocessing = 0;
		};
		14947FA419D958F900A668E9 /* Frameworks */ = {
			isa = PBXFrameworksBuildPhase;
			buildActionMask = 2147483647;
			files = (
			);
			runOnlyForDeploymentPostprocessing = 0;
		};
/* End PBXFrameworksBuildPhase section */

/* Begin PBXGroup section */
		14947F8919D958F800A668E9 = {
			isa = PBXGroup;
			children = (
				145647B719D95A060052F289 /* iAd.framework */,
				145647B519D959FF0052F289 /* AdSupport.framework */,
				14947F9419D958F800A668E9 /* iAdBannerExample */,
				14947FAA19D958F900A668E9 /* iAdBannerExampleTests */,
				14947F9319D958F800A668E9 /* Products */,
			);
			sourceTree = "<group>";
		};
		14947F9319D958F800A668E9 /* Products */ = {
			isa = PBXGroup;
			children = (
				14947F9219D958F800A668E9 /* iAdBannerExample.app */,
				14947FA719D958F900A668E9 /* iAdBannerExampleTests.xctest */,
			);
			name = Products;
			sourceTree = "<group>";
		};
		14947F9419D958F800A668E9 /* iAdBannerExample */ = {
			isa = PBXGroup;
			children = (
				14947F9719D958F800A668E9 /* AppDelegate.swift */,
				14947F9919D958F800A668E9 /* ViewController.swift */,
				14947F9B19D958F800A668E9 /* Main.storyboard */,
				14947F9E19D958F800A668E9 /* Images.xcassets */,
				14947FA019D958F800A668E9 /* LaunchScreen.xib */,
				14947F9519D958F800A668E9 /* Supporting Files */,
			);
			path = iAdBannerExample;
			sourceTree = "<group>";
		};
		14947F9519D958F800A668E9 /* Supporting Files */ = {
			isa = PBXGroup;
			children = (
				14947F9619D958F800A668E9 /* Info.plist */,
			);
			name = "Supporting Files";
			sourceTree = "<group>";
		};
		14947FAA19D958F900A668E9 /* iAdBannerExampleTests */ = {
			isa = PBXGroup;
			children = (
				14947FAD19D958F900A668E9 /* iAdBannerExampleTests.swift */,
				14947FAB19D958F900A668E9 /* Supporting Files */,
			);
			path = iAdBannerExampleTests;
			sourceTree = "<group>";
		};
		14947FAB19D958F900A668E9 /* Supporting Files */ = {
			isa = PBXGroup;
			children = (
				14947FAC19D958F900A668E9 /* Info.plist */,
			);
			name = "Supporting Files";
			sourceTree = "<group>";
		};
/* End PBXGroup section */

/* Begin PBXNativeTarget section */
		14947F9119D958F800A668E9 /* iAdBannerExample */ = {
			isa = PBXNativeTarget;
			buildConfigurationList = 14947FB119D958F900A668E9 /* Build configuration list for PBXNativeTarget "iAdBannerExample" */;
			buildPhases = (
				14947F8E19D958F800A668E9 /* Sources */,
				14947F8F19D958F800A668E9 /* Frameworks */,
				14947F9019D958F800A668E9 /* Resources */,
			);
			buildRules = (
			);
			dependencies = (
			);
			name = iAdBannerExample;
			productName = iAdBannerExample;
			productReference = 14947F9219D958F800A668E9 /* iAdBannerExample.app */;
			productType = "com.apple.product-type.application";
		};
		14947FA619D958F900A668E9 /* iAdBannerExampleTests */ = {
			isa = PBXNativeTarget;
			buildConfigurationList = 14947FB419D958F900A668E9 /* Build configuration list for PBXNativeTarget "iAdBannerExampleTests" */;
			buildPhases = (
				14947FA319D958F900A668E9 /* Sources */,
				14947FA419D958F900A668E9 /* Frameworks */,
				14947FA519D958F900A668E9 /* Resources */,
			);
			buildRules = (
			);
			dependencies = (
				14947FA919D958F900A668E9 /* PBXTargetDependency */,
			);
			name = iAdBannerExampleTests;
			productName = iAdBannerExampleTests;
			productReference = 14947FA719D958F900A668E9 /* iAdBannerExampleTests.xctest */;
			productType = "com.apple.product-type.bundle.unit-test";
		};
/* End PBXNativeTarget section */

/* Begin PBXProject section */
		14947F8A19D958F800A668E9 /* Project object */ = {
			isa = PBXProject;
			attributes = {
				LastUpgradeCheck = 0600;
				ORGANIZATIONNAME = "Ashish Kakkad";
				TargetAttributes = {
					14947F9119D958F800A668E9 = {
						CreatedOnToolsVersion = 6.0;
					};
					14947FA619D958F900A668E9 = {
						CreatedOnToolsVersion = 6.0;
						TestTargetID = 14947F9119D958F800A668E9;
					};
				};
			};
			buildConfigurationList = 14947F8D19D958F800A668E9 /* Build configuration list for PBXProject "iAdBannerExample" */;
			compatibilityVersion = "Xcode 3.2";
			developmentRegion = English;
			hasScannedForEncodings = 0;
			knownRegions = (
				en,
				Base,
			);
			mainGroup = 14947F8919D958F800A668E9;
			productRefGroup = 14947F9319D958F800A668E9 /* Products */;
			projectDirPath = "";
			projectRoot = "";
			targets = (
				14947F9119D958F800A668E9 /* iAdBannerExample */,
				14947FA619D958F900A668E9 /* iAdBannerExampleTests */,
			);
		};
/* End PBXProject section */

/* Begin PBXResourcesBuildPhase section */
		14947F9019D958F800A668E9 /* Resources */ = {
			isa = PBXResourcesBuildPhase;
			buildActionMask = 2147483647;
			files = (
				14947F9D19D958F800A668E9 /* Main.storyboard in Resources */,
				14947FA219D958F800A668E9 /* LaunchScreen.xib in Resources */,
				14947F9F19D958F800A668E9 /* Images.xcassets in Resources */,
			);
			runOnlyForDeploymentPostprocessing = 0;
		};
		14947FA519D958F900A668E9 /* Resources */ = {
			isa = PBXResourcesBuildPhase;
			buildActionMask = 2147483647;
			files = (
			);
			runOnlyForDeploymentPostprocessing = 0;
		};
/* End PBXResourcesBuildPhase section */

/* Begin PBXSourcesBuildPhase section */
		14947F8E19D958F800A668E9 /* Sources */ = {
			isa = PBXSourcesBuildPhase;
			buildActionMask = 2147483647;
			files = (
				14947F9A19D958F800A668E9 /* ViewController.swift in Sources */,
				14947F9819D958F800A668E9 /* AppDelegate.swift in Sources */,
			);
			runOnlyForDeploymentPostprocessing = 0;
		};
		14947FA319D958F900A668E9 /* Sources */ = {
			isa = PBXSourcesBuildPhase;
			buildActionMask = 2147483647;
			files = (
				14947FAE19D958F900A668E9 /* iAdBannerExampleTests.swift in Sources */,
			);
			runOnlyForDeploymentPostprocessing = 0;
		};
/* End PBXSourcesBuildPhase section */

/* Begin PBXTargetDependency section */
		14947FA919D958F900A668E9 /* PBXTargetDependency */ = {
			isa = PBXTargetDependency;
			target = 14947F9119D958F800A668E9 /* iAdBannerExample */;
			targetProxy = 14947FA819D958F900A668E9 /* PBXContainerItemProxy */;
		};
/* End PBXTargetDependency section */

/* Begin PBXVariantGroup section */
		14947F9B19D958F800A668E9 /* Main.storyboard */ = {
			isa = PBXVariantGroup;
			children = (
				14947F9C19D958F800A668E9 /* Base */,
			);
			name = Main.storyboard;
			sourceTree = "<group>";
		};
		14947FA019D958F800A668E9 /* LaunchScreen.xib */ = {
			isa = PBXVariantGroup;
			children = (
				14947FA119D958F800A668E9 /* Base */,
			);
			name = LaunchScreen.xib;
			sourceTree = "<group>";
		};
/* End PBXVariantGroup section */

/* Begin XCBuildConfiguration section */
		14947FAF19D958F900A668E9 /* Debug */ = {
			isa = XCBuildConfiguration;
			buildSettings = {
				ALWAYS_SEARCH_USER_PATHS = NO;
				CLANG_CXX_LANGUAGE_STANDARD = "gnu++0x";
				CLANG_CXX_LIBRARY = "libc++";
				CLANG_ENABLE_MODULES = YES;
				CLANG_ENABLE_OBJC_ARC = YES;
				CLANG_WARN_BOOL_CONVERSION = YES;
				CLANG_WARN_CONSTANT_CONVERSION = YES;
				CLANG_WARN_DIRECT_OBJC_ISA_USAGE = YES_ERROR;
				CLANG_WARN_EMPTY_BODY = YES;
				CLANG_WARN_ENUM_CONVERSION = YES;
				CLANG_WARN_INT_CONVERSION = YES;
				CLANG_WARN_OBJC_ROOT_CLASS = YES_ERROR;
				CLANG_WARN_UNREACHABLE_CODE = YES;
				CLANG_WARN__DUPLICATE_METHOD_MATCH = YES;
				"CODE_SIGN_IDENTITY[sdk=iphoneos*]" = "iPhone Developer";
				COPY_PHASE_STRIP = NO;
				ENABLE_STRICT_OBJC_MSGSEND = YES;
				GCC_C_LANGUAGE_STANDARD = gnu99;
				GCC_DYNAMIC_NO_PIC = NO;
				GCC_OPTIMIZATION_LEVEL = 0;
				GCC_PREPROCESSOR_DEFINITIONS = (
					"DEBUG=1",
					"$(inherited)",
				);
				GCC_SYMBOLS_PRIVATE_EXTERN = NO;
				GCC_WARN_64_TO_32_BIT_CONVERSION = YES;
				GCC_WARN_ABOUT_RETURN_TYPE = YES_ERROR;
				GCC_WARN_UNDECLARED_SELECTOR = YES;
				GCC_WARN_UNINITIALIZED_AUTOS = YES_AGGRESSIVE;
				GCC_WARN_UNUSED_FUNCTION = YES;
				GCC_WARN_UNUSED_VARIABLE = YES;
				IPHONEOS_DEPLOYMENT_TARGET = 8.0;
				MTL_ENABLE_DEBUG_INFO = YES;
				ONLY_ACTIVE_ARCH = YES;
				SDKROOT = iphoneos;
				SWIFT_OPTIMIZATION_LEVEL = "-Onone";
				TARGETED_DEVICE_FAMILY = "1,2";
			};
			name = Debug;
		};
		14947FB019D958F900A668E9 /* Release */ = {
			isa = XCBuildConfiguration;
			buildSettings = {
				ALWAYS_SEARCH_USER_PATHS = NO;
				CLANG_CXX_LANGUAGE_STANDARD = "gnu++0x";
				CLANG_CXX_LIBRARY = "libc++";
				CLANG_ENABLE_MODULES = YES;
				CLANG_ENABLE_OBJC_ARC = YES;
				CLANG_WARN_BOOL_CONVERSION = YES;
				CLANG_WARN_CONSTANT_CONVERSION = YES;
				CLANG_WARN_DIRECT_OBJC_ISA_USAGE = YES_ERROR;
				CLANG_WARN_EMPTY_BODY = YES;
				CLANG_WARN_ENUM_CONVERSION = YES;
				CLANG_WARN_INT_CONVERSION = YES;
				CLANG_WARN_OBJC_ROOT_CLASS = YES_ERROR;
				CLANG_WARN_UNREACHABLE_CODE = YES;
				CLANG_WARN__DUPLICATE_METHOD_MATCH = YES;
				"CODE_SIGN_IDENTITY[sdk=iphoneos*]" = "iPhone Developer";
				COPY_PHASE_STRIP = YES;
				ENABLE_NS_ASSERTIONS = NO;
				ENABLE_STRICT_OBJC_MSGSEND = YES;
				GCC_C_LANGUAGE_STANDARD = gnu99;
				GCC_WARN_64_TO_32_BIT_CONVERSION = YES;
				GCC_WARN_ABOUT_RETURN_TYPE = YES_ERROR;
				GCC_WARN_UNDECLARED_SELECTOR = YES;
				GCC_WARN_UNINITIALIZED_AUTOS = YES_AGGRESSIVE;
				GCC_WARN_UNUSED_FUNCTION = YES;
				GCC_WARN_UNUSED_VARIABLE = YES;
				IPHONEOS_DEPLOYMENT_TARGET = 8.0;
				MTL_ENABLE_DEBUG_INFO = NO;
				SDKROOT = iphoneos;
				TARGETED_DEVICE_FAMILY = "1,2";
				VALIDATE_PRODUCT = YES;
			};
			name = Release;
		};
		14947FB219D958F900A668E9 /* Debug */ = {
			isa = XCBuildConfiguration;
			buildSettings = {
				ASSETCATALOG_COMPILER_APPICON_NAME = AppIcon;
				INFOPLIST_FILE = iAdBannerExample/Info.plist;
				LD_RUNPATH_SEARCH_PATHS = "$(inherited) @executable_path/Frameworks";
				PRODUCT_NAME = "$(TARGET_NAME)";
			};
			name = Debug;
		};
		14947FB319D958F900A668E9 /* Release */ = {
			isa = XCBuildConfiguration;
			buildSettings = {
				ASSETCATALOG_COMPILER_APPICON_NAME = AppIcon;
				INFOPLIST_FILE = iAdBannerExample/Info.plist;
				LD_RUNPATH_SEARCH_PATHS = "$(inherited) @executable_path/Frameworks";
				PRODUCT_NAME = "$(TARGET_NAME)";
			};
			name = Release;
		};
		14947FB519D958F900A668E9 /* Debug */ = {
			isa = XCBuildConfiguration;
			buildSettings = {
				BUNDLE_LOADER = "$(TEST_HOST)";
				FRAMEWORK_SEARCH_PATHS = (
					"$(SDKROOT)/Developer/Library/Frameworks",
					"$(inherited)",
				);
				GCC_PREPROCESSOR_DEFINITIONS = (
					"DEBUG=1",
					"$(inherited)",
				);
				INFOPLIST_FILE = iAdBannerExampleTests/Info.plist;
				LD_RUNPATH_SEARCH_PATHS = "$(inherited) @executable_path/Frameworks @loader_path/Frameworks";
				PRODUCT_NAME = "$(TARGET_NAME)";
				TEST_HOST = "$(BUILT_PRODUCTS_DIR)/iAdBannerExample.app/iAdBannerExample";
			};
			name = Debug;
		};
		14947FB619D958F900A668E9 /* Release */ = {
			isa = XCBuildConfiguration;
			buildSettings = {
				BUNDLE_LOADER = "$(TEST_HOST)";
				FRAMEWORK_SEARCH_PATHS = (
					"$(SDKROOT)/Developer/Library/Frameworks",
					"$(inherited)",
				);
				INFOPLIST_FILE = iAdBannerExampleTests/Info.plist;
				LD_RUNPATH_SEARCH_PATHS = "$(inherited) @executable_path/Frameworks @loader_path/Frameworks";
				PRODUCT_NAME = "$(TARGET_NAME)";
				TEST_HOST = "$(BUILT_PRODUCTS_DIR)/iAdBannerExample.app/iAdBannerExample";
			};
			name = Release;
		};
/* End XCBuildConfiguration section */

/* Begin XCConfigurationList section */
		14947F8D19D958F800A668E9 /* Build configuration list for PBXProject "iAdBannerExample" */ = {
			isa = XCConfigurationList;
			buildConfigurations = (
				14947FAF19D958F900A668E9 /* Debug */,
				14947FB019D958F900A668E9 /* Release */,
			);
			defaultConfigurationIsVisible = 0;
			defaultConfigurationName = Release;
		};
		14947FB119D958F900A668E9 /* Build configuration list for PBXNativeTarget "iAdBannerExample" */ = {
			isa = XCConfigurationList;
			buildConfigurations = (
				14947FB219D958F900A668E9 /* Debug */,
				14947FB319D958F900A668E9 /* Release */,
			);
			defaultConfigurationIsVisible = 0;
			defaultConfigurationName = Release;
		};
		14947FB419D958F900A668E9 /* Build configuration list for PBXNativeTarget "iAdBannerExampleTests" */ = {
			isa = XCConfigurationList;
			buildConfigurations = (
				14947FB519D958F900A668E9 /* Debug */,
				14947FB619D958F900A668E9 /* Release */,
			);
			defaultConfigurationIsVisible = 0;
			defaultConfigurationName = Release;
		};
/* End XCConfigurationList section */
	};
	rootObject = 14947F8A19D958F800A668E9 /* Project object */;
}
